
Microsoft Visual Studio Solution File, Format Version 12.00
# Visual Studio Version 16
VisualStudioVersion = 16.0.32228.343
MinimumVisualStudioVersion = 10.0.40219.1
Project("{9A19103F-16F7-4668-BE54-9A1E7A4F7556}") = "FFmpegSimpleMuxer", "FFmpegSimpleMuxer.csproj", "{0CE2BD78-B6C3-4138-A7AF-9EB223CFA6EB}"
EndProject
Global
	GlobalSection(SolutionConfigurationPlatforms) = preSolution
		Debug|x64 = Debug|x64
		Release|x64 = Release|x64
	EndGlobalSection
	GlobalSection(ProjectConfigurationPlatforms) = postSolution
		{0CE2BD78-B6C3-4138-A7AF-9EB223CFA6EB}.Debug|x64.ActiveCfg = Debug|x64
		{0CE2BD78-B6C3-4138-A7AF-9EB223CFA6EB}.Debug|x64.Build.0 = Debug|x64
		{0CE2BD78-B6C3-4138-A7AF-9EB223CFA6EB}.Release|x64.ActiveCfg = Release|x64
		{0CE2BD78-B6C3-4138-A7AF-9EB223CFA6EB}.Release|x64.Build.0 = Release|x64
	EndGlobalSection
	GlobalSection(SolutionProperties) = preSolution
		HideSolutionNode = FALSE
	EndGlobalSection
	GlobalSection(ExtensibilityGlobals) = postSolution
		SolutionGuid = {91FDADAC-02B8-479D-944F-D3F11E041C1C}
	EndGlobalSection
EndGlobal
